
Microsoft Visual Studio Solution File, Format Version 12.00
# Visual Studio 2012
Project("{FAE04EC0-301F-11D3-BF4B-00C04F79EFBC}") = "Enums", "Enums\Enums.csproj", "{57DFDC9E-A645-4EAC-BE08-94E59B6BECFF}"
EndProject
Global
	GlobalSection(SolutionConfigurationPlatforms) = preSolution
		Debug|Any CPU = Debug|Any CPU
		Release|Any CPU = Release|Any CPU
	EndGlobalSection
	GlobalSection(ProjectConfigurationPlatforms) = postSolution
		{57DFDC9E-A645-4EAC-BE08-94E59B6BECFF}.Debug|Any CPU.ActiveCfg = Debug|Any CPU
		{57DFDC9E-A645-4EAC-BE08-94E59B6BECFF}.Debug|Any CPU.Build.0 = Debug|Any CPU
		{57DFDC9E-A645-4EAC-BE08-94E59B6BECFF}.Release|Any CPU.ActiveCfg = Release|Any CPU
		{57DFDC9E-A645-4EAC-BE08-94E59B6BECFF}.Release|Any CPU.Build.0 = Release|Any CPU
	EndGlobalSection
	GlobalSection(SolutionProperties) = preSolution
		HideSolutionNode = FALSE
	EndGlobalSection
EndGlobal
