
Microsoft Visual Studio Solution File, Format Version 12.00
# Visual Studio 2012
Project("{FAE04EC0-301F-11D3-BF4B-00C04F79EFBC}") = "Unsafe", "Unsafe\Unsafe.csproj", "{C436C59A-1745-4462-9005-084A19E61D99}"
EndProject
Global
	GlobalSection(SolutionConfigurationPlatforms) = preSolution
		Debug|Any CPU = Debug|Any CPU
		Release|Any CPU = Release|Any CPU
	EndGlobalSection
	GlobalSection(ProjectConfigurationPlatforms) = postSolution
		{C436C59A-1745-4462-9005-084A19E61D99}.Debug|Any CPU.ActiveCfg = Debug|Any CPU
		{C436C59A-1745-4462-9005-084A19E61D99}.Debug|Any CPU.Build.0 = Debug|Any CPU
		{C436C59A-1745-4462-9005-084A19E61D99}.Release|Any CPU.ActiveCfg = Release|Any CPU
		{C436C59A-1745-4462-9005-084A19E61D99}.Release|Any CPU.Build.0 = Release|Any CPU
	EndGlobalSection
	GlobalSection(SolutionProperties) = preSolution
		HideSolutionNode = FALSE
	EndGlobalSection
EndGlobal
