
Microsoft Visual Studio Solution File, Format Version 12.00
# Visual Studio 2012
Project("{FAE04EC0-301F-11D3-BF4B-00C04F79EFBC}") = "Parenthesis", "Parenthesis\Parenthesis.csproj", "{49C81C05-8B0D-4185-802F-522F66D0250B}"
EndProject
Global
	GlobalSection(SolutionConfigurationPlatforms) = preSolution
		Debug|Any CPU = Debug|Any CPU
		Release|Any CPU = Release|Any CPU
	EndGlobalSection
	GlobalSection(ProjectConfigurationPlatforms) = postSolution
		{49C81C05-8B0D-4185-802F-522F66D0250B}.Debug|Any CPU.ActiveCfg = Debug|Any CPU
		{49C81C05-8B0D-4185-802F-522F66D0250B}.Debug|Any CPU.Build.0 = Debug|Any CPU
		{49C81C05-8B0D-4185-802F-522F66D0250B}.Release|Any CPU.ActiveCfg = Release|Any CPU
		{49C81C05-8B0D-4185-802F-522F66D0250B}.Release|Any CPU.Build.0 = Release|Any CPU
	EndGlobalSection
	GlobalSection(SolutionProperties) = preSolution
		HideSolutionNode = FALSE
	EndGlobalSection
EndGlobal
