
Microsoft Visual Studio Solution File, Format Version 12.00
# Visual Studio 2012
Project("{FAE04EC0-301F-11D3-BF4B-00C04F79EFBC}") = "RecursiveAssemblies", "RecursiveAssemblies\RecursiveAssemblies.csproj", "{0AB48428-54BE-4E3B-B872-641BEAEE95DB}"
EndProject
Project("{FAE04EC0-301F-11D3-BF4B-00C04F79EFBC}") = "Depth1", "Depth1\Depth1.csproj", "{2AF9FBDE-F1F4-4978-A66A-F652EA551A93}"
EndProject
Project("{FAE04EC0-301F-11D3-BF4B-00C04F79EFBC}") = "Depth2", "Depth2\Depth2.csproj", "{84F04616-8B9E-4885-B976-F97DE927F2FF}"
EndProject
Global
	GlobalSection(SolutionConfigurationPlatforms) = preSolution
		Debug|Any CPU = Debug|Any CPU
		Release|Any CPU = Release|Any CPU
	EndGlobalSection
	GlobalSection(ProjectConfigurationPlatforms) = postSolution
		{0AB48428-54BE-4E3B-B872-641BEAEE95DB}.Debug|Any CPU.ActiveCfg = Debug|Any CPU
		{0AB48428-54BE-4E3B-B872-641BEAEE95DB}.Debug|Any CPU.Build.0 = Debug|Any CPU
		{0AB48428-54BE-4E3B-B872-641BEAEE95DB}.Release|Any CPU.ActiveCfg = Release|Any CPU
		{0AB48428-54BE-4E3B-B872-641BEAEE95DB}.Release|Any CPU.Build.0 = Release|Any CPU
		{2AF9FBDE-F1F4-4978-A66A-F652EA551A93}.Debug|Any CPU.ActiveCfg = Debug|Any CPU
		{2AF9FBDE-F1F4-4978-A66A-F652EA551A93}.Debug|Any CPU.Build.0 = Debug|Any CPU
		{2AF9FBDE-F1F4-4978-A66A-F652EA551A93}.Release|Any CPU.ActiveCfg = Release|Any CPU
		{2AF9FBDE-F1F4-4978-A66A-F652EA551A93}.Release|Any CPU.Build.0 = Release|Any CPU
		{84F04616-8B9E-4885-B976-F97DE927F2FF}.Debug|Any CPU.ActiveCfg = Debug|Any CPU
		{84F04616-8B9E-4885-B976-F97DE927F2FF}.Debug|Any CPU.Build.0 = Debug|Any CPU
		{84F04616-8B9E-4885-B976-F97DE927F2FF}.Release|Any CPU.ActiveCfg = Release|Any CPU
		{84F04616-8B9E-4885-B976-F97DE927F2FF}.Release|Any CPU.Build.0 = Release|Any CPU
	EndGlobalSection
	GlobalSection(SolutionProperties) = preSolution
		HideSolutionNode = FALSE
	EndGlobalSection
EndGlobal
